
Microsoft Visual Studio Solution File, Format Version 12.00
# Visual Studio Version 17
VisualStudioVersion = 17.13.35818.85 d17.13
MinimumVisualStudioVersion = 10.0.40219.1
Project("{FAE04EC0-301F-11D3-BF4B-00C04F79EFBC}") = "StudentScoreMaintenance", "StudentScoreMaintenance\StudentScoreMaintenance.csproj", "{A340286E-0670-4F02-A8FB-18405CA0E755}"
EndProject
Global
	GlobalSection(SolutionConfigurationPlatforms) = preSolution
		Debug|Any CPU = Debug|Any CPU
		Release|Any CPU = Release|Any CPU
	EndGlobalSection
	GlobalSection(ProjectConfigurationPlatforms) = postSolution
		{A340286E-0670-4F02-A8FB-18405CA0E755}.Debug|Any CPU.ActiveCfg = Debug|Any CPU
		{A340286E-0670-4F02-A8FB-18405CA0E755}.Debug|Any CPU.Build.0 = Debug|Any CPU
		{A340286E-0670-4F02-A8FB-18405CA0E755}.Release|Any CPU.ActiveCfg = Release|Any CPU
		{A340286E-0670-4F02-A8FB-18405CA0E755}.Release|Any CPU.Build.0 = Release|Any CPU
	EndGlobalSection
	GlobalSection(SolutionProperties) = preSolution
		HideSolutionNode = FALSE
	EndGlobalSection
	GlobalSection(ExtensibilityGlobals) = postSolution
		SolutionGuid = {311CA351-F0FF-4B87-A17D-7B400DC8E0C6}
	EndGlobalSection
EndGlobal
